
Microsoft Visual Studio Solution File, Format Version 12.00
# Visual Studio Version 17
VisualStudioVersion = 17.11.35327.3
MinimumVisualStudioVersion = 10.0.40219.1
Project("{FAE04EC0-301F-11D3-BF4B-00C04F79EFBC}") = "InventoryManagementSystem", "InventoryManagementSystem\InventoryManagementSystem.csproj", "{B3CACC3B-410D-4E79-8698-AB309C56A07B}"
EndProject
Project("{FAE04EC0-301F-11D3-BF4B-00C04F79EFBC}") = "BLL", "BLL\BLL.csproj", "{C341DD04-2613-4EAF-B2B0-F396302ABFE7}"
EndProject
Project("{FAE04EC0-301F-11D3-BF4B-00C04F79EFBC}") = "DAL", "DAL\DAL.csproj", "{34DFB721-FE79-482C-A374-B078BAA171C6}"
EndProject
Global
	GlobalSection(SolutionConfigurationPlatforms) = preSolution
		Debug|Any CPU = Debug|Any CPU
		Release|Any CPU = Release|Any CPU
	EndGlobalSection
	GlobalSection(ProjectConfigurationPlatforms) = postSolution
		{B3CACC3B-410D-4E79-8698-AB309C56A07B}.Debug|Any CPU.ActiveCfg = Debug|Any CPU
		{B3CACC3B-410D-4E79-8698-AB309C56A07B}.Debug|Any CPU.Build.0 = Debug|Any CPU
		{B3CACC3B-410D-4E79-8698-AB309C56A07B}.Release|Any CPU.ActiveCfg = Release|Any CPU
		{B3CACC3B-410D-4E79-8698-AB309C56A07B}.Release|Any CPU.Build.0 = Release|Any CPU
		{C341DD04-2613-4EAF-B2B0-F396302ABFE7}.Debug|Any CPU.ActiveCfg = Debug|Any CPU
		{C341DD04-2613-4EAF-B2B0-F396302ABFE7}.Debug|Any CPU.Build.0 = Debug|Any CPU
		{C341DD04-2613-4EAF-B2B0-F396302ABFE7}.Release|Any CPU.ActiveCfg = Release|Any CPU
		{C341DD04-2613-4EAF-B2B0-F396302ABFE7}.Release|Any CPU.Build.0 = Release|Any CPU
		{34DFB721-FE79-482C-A374-B078BAA171C6}.Debug|Any CPU.ActiveCfg = Debug|Any CPU
		{34DFB721-FE79-482C-A374-B078BAA171C6}.Debug|Any CPU.Build.0 = Debug|Any CPU
		{34DFB721-FE79-482C-A374-B078BAA171C6}.Release|Any CPU.ActiveCfg = Release|Any CPU
		{34DFB721-FE79-482C-A374-B078BAA171C6}.Release|Any CPU.Build.0 = Release|Any CPU
	EndGlobalSection
	GlobalSection(SolutionProperties) = preSolution
		HideSolutionNode = FALSE
	EndGlobalSection
	GlobalSection(ExtensibilityGlobals) = postSolution
		SolutionGuid = {58529238-9787-4170-A309-B5045241D6B0}
	EndGlobalSection
EndGlobal
